{
  "name": "sass-asm",
  "version": "0.0.1",
  "lockfileVersion": 1,
  "requires": true,
  "dependencies": {
    "emscripten-wasm-loader": {
      "version": "1.0.0",
      "resolved": "https://registry.npmjs.org/emscripten-wasm-loader/-/emscripten-wasm-loader-1.0.0.tgz",
      "integrity": "sha512-qxHgogN9ZgWHcUjLNR+A8FWzdg4Xay3Fvg9E72EKjRAktokTXCwxdGPF1RLd+DqPOrfafbNUhOicPe0SLTeIpg==",
      "requires": {
        "getroot": "^1.0.0",
        "tslib": "^1.8.0"
      }
    },
    "getroot": {
      "version": "1.0.0",
      "resolved": "https://registry.npmjs.org/getroot/-/getroot-1.0.0.tgz",
      "integrity": "sha512-W9Q31kOv921dQuZBeAbK4R/dAPbC0WkhZD3alLcdVwjSkEtS1aX8twrzG3I5yo0sQ88M/d4JOqVbRiCuI/XPNA==",
      "requires": {
        "tslib": "^1.7.1"
      }
    },
    "tslib": {
      "version": "1.9.3",
      "resolved": "https://registry.npmjs.org/tslib/-/tslib-1.9.3.tgz",
      "integrity": "sha512-4krF8scpejhaOgqzBEcGM7yDIEfi0/8+8zDRZhNZZ2kjmHJ4hv3zCbQWxoJGz1iw5U0Jl0nma13xzHXcncMavQ=="
    }
  }
}
